
Microsoft Visual Studio Solution File, Format Version 12.00
# Visual Studio Version 16
VisualStudioVersion = 16.0.30011.22
MinimumVisualStudioVersion = 10.0.40219.1
Project("{9A19103F-16F7-4668-BE54-9A1E7A4F7556}") = "Coyome.Data", "Coyome.Data\Coyome.Data.csproj", "{286C0666-AA01-42B9-B0C0-5C42FC04CE67}"
EndProject
Project("{9A19103F-16F7-4668-BE54-9A1E7A4F7556}") = "Coyome.API", "Coyome.API\Coyome.API.csproj", "{384A9020-48D9-49C9-8B74-7729DB0C81A1}"
EndProject
Project("{FAE04EC0-301F-11D3-BF4B-00C04F79EFBC}") = "Coyome.Core", "Coyome.Core\Coyome.Core.csproj", "{9D5B2986-6FFB-4C54-B410-F88E1BDCB839}"
EndProject
Global
	GlobalSection(SolutionConfigurationPlatforms) = preSolution
		Debug|Any CPU = Debug|Any CPU
		Release|Any CPU = Release|Any CPU
	EndGlobalSection
	GlobalSection(ProjectConfigurationPlatforms) = postSolution
		{286C0666-AA01-42B9-B0C0-5C42FC04CE67}.Debug|Any CPU.ActiveCfg = Debug|Any CPU
		{286C0666-AA01-42B9-B0C0-5C42FC04CE67}.Debug|Any CPU.Build.0 = Debug|Any CPU
		{286C0666-AA01-42B9-B0C0-5C42FC04CE67}.Release|Any CPU.ActiveCfg = Release|Any CPU
		{286C0666-AA01-42B9-B0C0-5C42FC04CE67}.Release|Any CPU.Build.0 = Release|Any CPU
		{384A9020-48D9-49C9-8B74-7729DB0C81A1}.Debug|Any CPU.ActiveCfg = Debug|Any CPU
		{384A9020-48D9-49C9-8B74-7729DB0C81A1}.Debug|Any CPU.Build.0 = Debug|Any CPU
		{384A9020-48D9-49C9-8B74-7729DB0C81A1}.Release|Any CPU.ActiveCfg = Release|Any CPU
		{384A9020-48D9-49C9-8B74-7729DB0C81A1}.Release|Any CPU.Build.0 = Release|Any CPU
		{9D5B2986-6FFB-4C54-B410-F88E1BDCB839}.Debug|Any CPU.ActiveCfg = Debug|Any CPU
		{9D5B2986-6FFB-4C54-B410-F88E1BDCB839}.Debug|Any CPU.Build.0 = Debug|Any CPU
		{9D5B2986-6FFB-4C54-B410-F88E1BDCB839}.Release|Any CPU.ActiveCfg = Release|Any CPU
		{9D5B2986-6FFB-4C54-B410-F88E1BDCB839}.Release|Any CPU.Build.0 = Release|Any CPU
	EndGlobalSection
	GlobalSection(SolutionProperties) = preSolution
		HideSolutionNode = FALSE
	EndGlobalSection
	GlobalSection(ExtensibilityGlobals) = postSolution
		SolutionGuid = {4545C441-E96E-483F-AC7E-60A0A91425B3}
	EndGlobalSection
EndGlobal
